
Microsoft Visual Studio Solution File, Format Version 12.00
# Visual Studio Version 17
VisualStudioVersion = 17.0.31903.59
MinimumVisualStudioVersion = 10.0.40219.1
Project("{FAE04EC0-301F-11D3-BF4B-00C04F79EFBC}") = "Outbox.Core", "Outbox.Core\Outbox.Core.csproj", "{582E1FB0-F9B7-4040-B2A7-B5A071C4B49A}"
EndProject
Project("{FAE04EC0-301F-11D3-BF4B-00C04F79EFBC}") = "Outbox.Infrastructure", "Outbox.Infrastructure\Outbox.Infrastructure.csproj", "{B373427F-8871-475E-87B7-13525A347594}"
EndProject
Project("{FAE04EC0-301F-11D3-BF4B-00C04F79EFBC}") = "Outbox.Web", "Outbox.Web\Outbox.Web.csproj", "{FB0DD4A5-BF27-43B5-8A7F-807499350D2C}"
EndProject
Global
	GlobalSection(SolutionConfigurationPlatforms) = preSolution
		Debug|Any CPU = Debug|Any CPU
		Release|Any CPU = Release|Any CPU
	EndGlobalSection
	GlobalSection(SolutionProperties) = preSolution
		HideSolutionNode = FALSE
	EndGlobalSection
	GlobalSection(ProjectConfigurationPlatforms) = postSolution
		{582E1FB0-F9B7-4040-B2A7-B5A071C4B49A}.Debug|Any CPU.ActiveCfg = Debug|Any CPU
		{582E1FB0-F9B7-4040-B2A7-B5A071C4B49A}.Debug|Any CPU.Build.0 = Debug|Any CPU
		{582E1FB0-F9B7-4040-B2A7-B5A071C4B49A}.Release|Any CPU.ActiveCfg = Release|Any CPU
		{582E1FB0-F9B7-4040-B2A7-B5A071C4B49A}.Release|Any CPU.Build.0 = Release|Any CPU
		{B373427F-8871-475E-87B7-13525A347594}.Debug|Any CPU.ActiveCfg = Debug|Any CPU
		{B373427F-8871-475E-87B7-13525A347594}.Debug|Any CPU.Build.0 = Debug|Any CPU
		{B373427F-8871-475E-87B7-13525A347594}.Release|Any CPU.ActiveCfg = Release|Any CPU
		{B373427F-8871-475E-87B7-13525A347594}.Release|Any CPU.Build.0 = Release|Any CPU
		{FB0DD4A5-BF27-43B5-8A7F-807499350D2C}.Debug|Any CPU.ActiveCfg = Debug|Any CPU
		{FB0DD4A5-BF27-43B5-8A7F-807499350D2C}.Debug|Any CPU.Build.0 = Debug|Any CPU
		{FB0DD4A5-BF27-43B5-8A7F-807499350D2C}.Release|Any CPU.ActiveCfg = Release|Any CPU
		{FB0DD4A5-BF27-43B5-8A7F-807499350D2C}.Release|Any CPU.Build.0 = Release|Any CPU
	EndGlobalSection
EndGlobal
